// !$*UTF8*$!
{
	archiveVersion = 1;
	classes = {
	};
	objectVersion = 56;
	objects = {

/* Begin PBXBuildFile section */
		BDD794EE29DB27E20016ED3F /* AppDelegate.swift in Sources */ = {isa = PBXBuildFile; fileRef = BDD794ED29DB27E20016ED3F /* AppDelegate.swift */; };
		BDD794F029DB27E20016ED3F /* SceneDelegate.swift in Sources */ = {isa = PBXBuildFile; fileRef = BDD794EF29DB27E20016ED3F /* SceneDelegate.swift */; };
		BDD794F229DB27E20016ED3F /* TextFieldVC.swift in Sources */ = {isa = PBXBuildFile; fileRef = BDD794F129DB27E20016ED3F /* TextFieldVC.swift */; };
		BDD794F529DB27E20016ED3F /* Main.storyboard in Resources */ = {isa = PBXBuildFile; fileRef = BDD794F329DB27E20016ED3F /* Main.storyboard */; };
		BDD794F729DB27E40016ED3F /* Assets.xcassets in Resources */ = {isa = PBXBuildFile; fileRef = BDD794F629DB27E40016ED3F /* Assets.xcassets */; };
		BDD794FA29DB27E40016ED3F /* LaunchScreen.storyboard in Resources */ = {isa = PBXBuildFile; fileRef = BDD794F829DB27E40016ED3F /* LaunchScreen.storyboard */; };
		BDD7950229DB28EA0016ED3F /* LabelVC.swift in Sources */ = {isa = PBXBuildFile; fileRef = BDD7950129DB28EA0016ED3F /* LabelVC.swift */; };
		BDF97DAC29DB2DEA00D5D0A5 /* Protocol.swift in Sources */ = {isa = PBXBuildFile; fileRef = BDF97DAB29DB2DEA00D5D0A5 /* Protocol.swift */; };
		BDF97DAE29DB348C00D5D0A5 /* LabelVC1.swift in Sources */ = {isa = PBXBuildFile; fileRef = BDF97DAD29DB348C00D5D0A5 /* LabelVC1.swift */; };
/* End PBXBuildFile section */

/* Begin PBXFileReference section */
		BDD794EA29DB27E20016ED3F /* Protocol Practice.app */ = {isa = PBXFileReference; explicitFileType = wrapper.application; includeInIndex = 0; path = "Protocol Practice.app"; sourceTree = BUILT_PRODUCTS_DIR; };
		BDD794ED29DB27E20016ED3F /* AppDelegate.swift */ = {isa = PBXFileReference; lastKnownFileType = sourcecode.swift; path = AppDelegate.swift; sourceTree = "<group>"; };
		BDD794EF29DB27E20016ED3F /* SceneDelegate.swift */ = {isa = PBXFileReference; lastKnownFileType = sourcecode.swift; path = SceneDelegate.swift; sourceTree = "<group>"; };
		BDD794F129DB27E20016ED3F /* TextFieldVC.swift */ = {isa = PBXFileReference; lastKnownFileType = sourcecode.swift; path = TextFieldVC.swift; sourceTree = "<group>"; };
		BDD794F429DB27E20016ED3F /* Base */ = {isa = PBXFileReference; lastKnownFileType = file.storyboard; name = Base; path = Base.lproj/Main.storyboard; sourceTree = "<group>"; };
		BDD794F629DB27E40016ED3F /* Assets.xcassets */ = {isa = PBXFileReference; lastKnownFileType = folder.assetcatalog; path = Assets.xcassets; sourceTree = "<group>"; };
		BDD794F929DB27E40016ED3F /* Base */ = {isa = PBXFileReference; lastKnownFileType = file.storyboard; name = Base; path = Base.lproj/LaunchScreen.storyboard; sourceTree = "<group>"; };
		BDD794FB29DB27E40016ED3F /* Info.plist */ = {isa = PBXFileReference; lastKnownFileType = text.plist.xml; path = Info.plist; sourceTree = "<group>"; };
		BDD7950129DB28EA0016ED3F /* LabelVC.swift */ = {isa = PBXFileReference; lastKnownFileType = sourcecode.swift; path = LabelVC.swift; sourceTree = "<group>"; };
		BDF97DAB29DB2DEA00D5D0A5 /* Protocol.swift */ = {isa = PBXFileReference; lastKnownFileType = sourcecode.swift; path = Protocol.swift; sourceTree = "<group>"; };
		BDF97DAD29DB348C00D5D0A5 /* LabelVC1.swift */ = {isa = PBXFileReference; lastKnownFileType = sourcecode.swift; path = LabelVC1.swift; sourceTree = "<group>"; };
/* End PBXFileReference section */

/* Begin PBXFrameworksBuildPhase section */
		BDD794E729DB27E20016ED3F /* Frameworks */ = {
			isa = PBXFrameworksBuildPhase;
			buildActionMask = 2147483647;
			files = (
			);
			runOnlyForDeploymentPostprocessing = 0;
		};
/* End PBXFrameworksBuildPhase section */

/* Begin PBXGroup section */
		BDD794E129DB27E20016ED3F = {
			isa = PBXGroup;
			children = (
				BDD794EC29DB27E20016ED3F /* Protocol Practice */,
				BDD794EB29DB27E20016ED3F /* Products */,
			);
			sourceTree = "<group>";
		};
		BDD794EB29DB27E20016ED3F /* Products */ = {
			isa = PBXGroup;
			children = (
				BDD794EA29DB27E20016ED3F /* Protocol Practice.app */,
			);
			name = Products;
			sourceTree = "<group>";
		};
		BDD794EC29DB27E20016ED3F /* Protocol Practice */ = {
			isa = PBXGroup;
			children = (
				BDD794ED29DB27E20016ED3F /* AppDelegate.swift */,
				BDD794EF29DB27E20016ED3F /* SceneDelegate.swift */,
				BDD794F129DB27E20016ED3F /* TextFieldVC.swift */,
				BDD7950129DB28EA0016ED3F /* LabelVC.swift */,
				BDF97DAD29DB348C00D5D0A5 /* LabelVC1.swift */,
				BDD794F329DB27E20016ED3F /* Main.storyboard */,
				BDD794F629DB27E40016ED3F /* Assets.xcassets */,
				BDD794F829DB27E40016ED3F /* LaunchScreen.storyboard */,
				BDD794FB29DB27E40016ED3F /* Info.plist */,
				BDF97DAB29DB2DEA00D5D0A5 /* Protocol.swift */,
			);
			path = "Protocol Practice";
			sourceTree = "<group>";
		};
/* End PBXGroup section */

/* Begin PBXNativeTarget section */
		BDD794E929DB27E20016ED3F /* Protocol Practice */ = {
			isa = PBXNativeTarget;
			buildConfigurationList = BDD794FE29DB27E40016ED3F /* Build configuration list for PBXNativeTarget "Protocol Practice" */;
			buildPhases = (
				BDD794E629DB27E20016ED3F /* Sources */,
				BDD794E729DB27E20016ED3F /* Frameworks */,
				BDD794E829DB27E20016ED3F /* Resources */,
			);
			buildRules = (
			);
			dependencies = (
			);
			name = "Protocol Practice";
			productName = "Protocol Practice";
			productReference = BDD794EA29DB27E20016ED3F /* Protocol Practice.app */;
			productType = "com.apple.product-type.application";
		};
/* End PBXNativeTarget section */

/* Begin PBXProject section */
		BDD794E229DB27E20016ED3F /* Project object */ = {
			isa = PBXProject;
			attributes = {
				BuildIndependentTargetsInParallel = 1;
				LastSwiftUpdateCheck = 1420;
				LastUpgradeCheck = 1420;
				TargetAttributes = {
					BDD794E929DB27E20016ED3F = {
						CreatedOnToolsVersion = 14.2;
					};
				};
			};
			buildConfigurationList = BDD794E529DB27E20016ED3F /* Build configuration list for PBXProject "Protocol Practice" */;
			compatibilityVersion = "Xcode 14.0";
			developmentRegion = en;
			hasScannedForEncodings = 0;
			knownRegions = (
				en,
				Base,
			);
			mainGroup = BDD794E129DB27E20016ED3F;
			productRefGroup = BDD794EB29DB27E20016ED3F /* Products */;
			projectDirPath = "";
			projectRoot = "";
			targets = (
				BDD794E929DB27E20016ED3F /* Protocol Practice */,
			);
		};
/* End PBXProject section */

/* Begin PBXResourcesBuildPhase section */
		BDD794E829DB27E20016ED3F /* Resources */ = {
			isa = PBXResourcesBuildPhase;
			buildActionMask = 2147483647;
			files = (
				BDD794FA29DB27E40016ED3F /* LaunchScreen.storyboard in Resources */,
				BDD794F729DB27E40016ED3F /* Assets.xcassets in Resources */,
				BDD794F529DB27E20016ED3F /* Main.storyboard in Resources */,
			);
			runOnlyForDeploymentPostprocessing = 0;
		};
/* End PBXResourcesBuildPhase section */

/* Begin PBXSourcesBuildPhase section */
		BDD794E629DB27E20016ED3F /* Sources */ = {
			isa = PBXSourcesBuildPhase;
			buildActionMask = 2147483647;
			files = (
				BDD794F229DB27E20016ED3F /* TextFieldVC.swift in Sources */,
				BDF97DAE29DB348C00D5D0A5 /* LabelVC1.swift in Sources */,
				BDD7950229DB28EA0016ED3F /* LabelVC.swift in Sources */,
				BDD794EE29DB27E20016ED3F /* AppDelegate.swift in Sources */,
				BDD794F029DB27E20016ED3F /* SceneDelegate.swift in Sources */,
				BDF97DAC29DB2DEA00D5D0A5 /* Protocol.swift in Sources */,
			);
			runOnlyForDeploymentPostprocessing = 0;
		};
/* End PBXSourcesBuildPhase section */

/* Begin PBXVariantGroup section */
		BDD794F329DB27E20016ED3F /* Main.storyboard */ = {
			isa = PBXVariantGroup;
			children = (
				BDD794F429DB27E20016ED3F /* Base */,
			);
			name = Main.storyboard;
			sourceTree = "<group>";
		};
		BDD794F829DB27E40016ED3F /* LaunchScreen.storyboard */ = {
			isa = PBXVariantGroup;
			children = (
				BDD794F929DB27E40016ED3F /* Base */,
			);
			name = LaunchScreen.storyboard;
			sourceTree = "<group>";
		};
/* End PBXVariantGroup section */

/* Begin XCBuildConfiguration section */
		BDD794FC29DB27E40016ED3F /* Debug */ = {
			isa = XCBuildConfiguration;
			buildSettings = {
				ALWAYS_SEARCH_USER_PATHS = NO;
				CLANG_ANALYZER_NONNULL = YES;
				CLANG_ANALYZER_NUMBER_OBJECT_CONVERSION = YES_AGGRESSIVE;
				CLANG_CXX_LANGUAGE_STANDARD = "gnu++20";
				CLANG_ENABLE_MODULES = YES;
				CLANG_ENABLE_OBJC_ARC = YES;
				CLANG_ENABLE_OBJC_WEAK = YES;
				CLANG_WARN_BLOCK_CAPTURE_AUTORELEASING = YES;
				CLANG_WARN_BOOL_CONVERSION = YES;
				CLANG_WARN_COMMA = YES;
				CLANG_WARN_CONSTANT_CONVERSION = YES;
				CLANG_WARN_DEPRECATED_OBJC_IMPLEMENTATIONS = YES;
				CLANG_WARN_DIRECT_OBJC_ISA_USAGE = YES_ERROR;
				CLANG_WARN_DOCUMENTATION_COMMENTS = YES;
				CLANG_WARN_EMPTY_BODY = YES;
				CLANG_WARN_ENUM_CONVERSION = YES;
				CLANG_WARN_INFINITE_RECURSION = YES;
				CLANG_WARN_INT_CONVERSION = YES;
				CLANG_WARN_NON_LITERAL_NULL_CONVERSION = YES;
				CLANG_WARN_OBJC_IMPLICIT_RETAIN_SELF = YES;
				CLANG_WARN_OBJC_LITERAL_CONVERSION = YES;
				CLANG_WARN_OBJC_ROOT_CLASS = YES_ERROR;
				CLANG_WARN_QUOTED_INCLUDE_IN_FRAMEWORK_HEADER = YES;
				CLANG_WARN_RANGE_LOOP_ANALYSIS = YES;
				CLANG_WARN_STRICT_PROTOTYPES = YES;
				CLANG_WARN_SUSPICIOUS_MOVE = YES;
				CLANG_WARN_UNGUARDED_AVAILABILITY = YES_AGGRESSIVE;
				CLANG_WARN_UNREACHABLE_CODE = YES;
				CLANG_WARN__DUPLICATE_METHOD_MATCH = YES;
				COPY_PHASE_STRIP = NO;
				DEBUG_INFORMATION_FORMAT = dwarf;
				ENABLE_STRICT_OBJC_MSGSEND = YES;
				ENABLE_TESTABILITY = YES;
				GCC_C_LANGUAGE_STANDARD = gnu11;
				GCC_DYNAMIC_NO_PIC = NO;
				GCC_NO_COMMON_BLOCKS = YES;
				GCC_OPTIMIZATION_LEVEL = 0;
				GCC_PREPROCESSOR_DEFINITIONS = (
					"DEBUG=1",
					"$(inherited)",
				);
				GCC_WARN_64_TO_32_BIT_CONVERSION = YES;
				GCC_WARN_ABOUT_RETURN_TYPE = YES_ERROR;
				GCC_WARN_UNDECLARED_SELECTOR = YES;
				GCC_WARN_UNINITIALIZED_AUTOS = YES_AGGRESSIVE;
				GCC_WARN_UNUSED_FUNCTION = YES;
				GCC_WARN_UNUSED_VARIABLE = YES;
				IPHONEOS_DEPLOYMENT_TARGET = 16.2;
				MTL_ENABLE_DEBUG_INFO = INCLUDE_SOURCE;
				MTL_FAST_MATH = YES;
				ONLY_ACTIVE_ARCH = YES;
				SDKROOT = iphoneos;
				SWIFT_ACTIVE_COMPILATION_CONDITIONS = DEBUG;
				SWIFT_OPTIMIZATION_LEVEL = "-Onone";
			};
			name = Debug;
		};
		BDD794FD29DB27E40016ED3F /* Release */ = {
			isa = XCBuildConfiguration;
			buildSettings = {
				ALWAYS_SEARCH_USER_PATHS = NO;
				CLANG_ANALYZER_NONNULL = YES;
				CLANG_ANALYZER_NUMBER_OBJECT_CONVERSION = YES_AGGRESSIVE;
				CLANG_CXX_LANGUAGE_STANDARD = "gnu++20";
				CLANG_ENABLE_MODULES = YES;
				CLANG_ENABLE_OBJC_ARC = YES;
				CLANG_ENABLE_OBJC_WEAK = YES;
				CLANG_WARN_BLOCK_CAPTURE_AUTORELEASING = YES;
				CLANG_WARN_BOOL_CONVERSION = YES;
				CLANG_WARN_COMMA = YES;
				CLANG_WARN_CONSTANT_CONVERSION = YES;
				CLANG_WARN_DEPRECATED_OBJC_IMPLEMENTATIONS = YES;
				CLANG_WARN_DIRECT_OBJC_ISA_USAGE = YES_ERROR;
				CLANG_WARN_DOCUMENTATION_COMMENTS = YES;
				CLANG_WARN_EMPTY_BODY = YES;
				CLANG_WARN_ENUM_CONVERSION = YES;
				CLANG_WARN_INFINITE_RECURSION = YES;
				CLANG_WARN_INT_CONVERSION = YES;
				CLANG_WARN_NON_LITERAL_NULL_CONVERSION = YES;
				CLANG_WARN_OBJC_IMPLICIT_RETAIN_SELF = YES;
				CLANG_WARN_OBJC_LITERAL_CONVERSION = YES;
				CLANG_WARN_OBJC_ROOT_CLASS = YES_ERROR;
				CLANG_WARN_QUOTED_INCLUDE_IN_FRAMEWORK_HEADER = YES;
				CLANG_WARN_RANGE_LOOP_ANALYSIS = YES;
				CLANG_WARN_STRICT_PROTOTYPES = YES;
				CLANG_WARN_SUSPICIOUS_MOVE = YES;
				CLANG_WARN_UNGUARDED_AVAILABILITY = YES_AGGRESSIVE;
				CLANG_WARN_UNREACHABLE_CODE = YES;
				CLANG_WARN__DUPLICATE_METHOD_MATCH = YES;
				COPY_PHASE_STRIP = NO;
				DEBUG_INFORMATION_FORMAT = "dwarf-with-dsym";
				ENABLE_NS_ASSERTIONS = NO;
				ENABLE_STRICT_OBJC_MSGSEND = YES;
				GCC_C_LANGUAGE_STANDARD = gnu11;
				GCC_NO_COMMON_BLOCKS = YES;
				GCC_WARN_64_TO_32_BIT_CONVERSION = YES;
				GCC_WARN_ABOUT_RETURN_TYPE = YES_ERROR;
				GCC_WARN_UNDECLARED_SELECTOR = YES;
				GCC_WARN_UNINITIALIZED_AUTOS = YES_AGGRESSIVE;
				GCC_WARN_UNUSED_FUNCTION = YES;
				GCC_WARN_UNUSED_VARIABLE = YES;
				IPHONEOS_DEPLOYMENT_TARGET = 16.2;
				MTL_ENABLE_DEBUG_INFO = NO;
				MTL_FAST_MATH = YES;
				SDKROOT = iphoneos;
				SWIFT_COMPILATION_MODE = wholemodule;
				SWIFT_OPTIMIZATION_LEVEL = "-O";
				VALIDATE_PRODUCT = YES;
			};
			name = Release;
		};
		BDD794FF29DB27E40016ED3F /* Debug */ = {
			isa = XCBuildConfiguration;
			buildSettings = {
				ASSETCATALOG_COMPILER_APPICON_NAME = AppIcon;
				ASSETCATALOG_COMPILER_GLOBAL_ACCENT_COLOR_NAME = AccentColor;
				CODE_SIGN_STYLE = Automatic;
				CURRENT_PROJECT_VERSION = 1;
				GENERATE_INFOPLIST_FILE = YES;
				INFOPLIST_FILE = "Protocol Practice/Info.plist";
				INFOPLIST_KEY_UIApplicationSupportsIndirectInputEvents = YES;
				INFOPLIST_KEY_UILaunchStoryboardName = LaunchScreen;
				INFOPLIST_KEY_UIMainStoryboardFile = Main;
				INFOPLIST_KEY_UISupportedInterfaceOrientations_iPad = "UIInterfaceOrientationPortrait UIInterfaceOrientationPortraitUpsideDown UIInterfaceOrientationLandscapeLeft UIInterfaceOrientationLandscapeRight";
				INFOPLIST_KEY_UISupportedInterfaceOrientations_iPhone = "UIInterfaceOrientationPortrait UIInterfaceOrientationLandscapeLeft UIInterfaceOrientationLandscapeRight";
				LD_RUNPATH_SEARCH_PATHS = (
					"$(inherited)",
					"@executable_path/Frameworks",
				);
				MARKETING_VERSION = 1.0;
				PRODUCT_BUNDLE_IDENTIFIER = "Tbox.Protocol-Practice";
				PRODUCT_NAME = "$(TARGET_NAME)";
				SWIFT_EMIT_LOC_STRINGS = YES;
				SWIFT_VERSION = 5.0;
				TARGETED_DEVICE_FAMILY = "1,2";
			};
			name = Debug;
		};
		BDD7950029DB27E40016ED3F /* Release */ = {
			isa = XCBuildConfiguration;
			buildSettings = {
				ASSETCATALOG_COMPILER_APPICON_NAME = AppIcon;
				ASSETCATALOG_COMPILER_GLOBAL_ACCENT_COLOR_NAME = AccentColor;
				CODE_SIGN_STYLE = Automatic;
				CURRENT_PROJECT_VERSION = 1;
				GENERATE_INFOPLIST_FILE = YES;
				INFOPLIST_FILE = "Protocol Practice/Info.plist";
				INFOPLIST_KEY_UIApplicationSupportsIndirectInputEvents = YES;
				INFOPLIST_KEY_UILaunchStoryboardName = LaunchScreen;
				INFOPLIST_KEY_UIMainStoryboardFile = Main;
				INFOPLIST_KEY_UISupportedInterfaceOrientations_iPad = "UIInterfaceOrientationPortrait UIInterfaceOrientationPortraitUpsideDown UIInterfaceOrientationLandscapeLeft UIInterfaceOrientationLandscapeRight";
				INFOPLIST_KEY_UISupportedInterfaceOrientations_iPhone = "UIInterfaceOrientationPortrait UIInterfaceOrientationLandscapeLeft UIInterfaceOrientationLandscapeRight";
				LD_RUNPATH_SEARCH_PATHS = (
					"$(inherited)",
					"@executable_path/Frameworks",
				);
				MARKETING_VERSION = 1.0;
				PRODUCT_BUNDLE_IDENTIFIER = "Tbox.Protocol-Practice";
				PRODUCT_NAME = "$(TARGET_NAME)";
				SWIFT_EMIT_LOC_STRINGS = YES;
				SWIFT_VERSION = 5.0;
				TARGETED_DEVICE_FAMILY = "1,2";
			};
			name = Release;
		};
/* End XCBuildConfiguration section */

/* Begin XCConfigurationList section */
		BDD794E529DB27E20016ED3F /* Build configuration list for PBXProject "Protocol Practice" */ = {
			isa = XCConfigurationList;
			buildConfigurations = (
				BDD794FC29DB27E40016ED3F /* Debug */,
				BDD794FD29DB27E40016ED3F /* Release */,
			);
			defaultConfigurationIsVisible = 0;
			defaultConfigurationName = Release;
		};
		BDD794FE29DB27E40016ED3F /* Build configuration list for PBXNativeTarget "Protocol Practice" */ = {
			isa = XCConfigurationList;
			buildConfigurations = (
				BDD794FF29DB27E40016ED3F /* Debug */,
				BDD7950029DB27E40016ED3F /* Release */,
			);
			defaultConfigurationIsVisible = 0;
			defaultConfigurationName = Release;
		};
/* End XCConfigurationList section */
	};
	rootObject = BDD794E229DB27E20016ED3F /* Project object */;
}
